// !$*UTF8*$!
{
	archiveVersion = 1;
	classes = {
	};
	objectVersion = 56;
	objects = {

/* Begin PBXBuildFile section */
		821E0D1E298FF57D008EC066 /* XCTestReportApp.swift in Sources */ = {isa = PBXBuildFile; fileRef = 821E0D1D298FF57D008EC066 /* XCTestReportApp.swift */; };
		821E0D20298FF57D008EC066 /* ContentView.swift in Sources */ = {isa = PBXBuildFile; fileRef = 821E0D1F298FF57D008EC066 /* ContentView.swift */; };
		821E0D22298FF57E008EC066 /* Assets.xcassets in Resources */ = {isa = PBXBuildFile; fileRef = 821E0D21298FF57E008EC066 /* Assets.xcassets */; };
		821E0D25298FF57E008EC066 /* Preview Assets.xcassets in Resources */ = {isa = PBXBuildFile; fileRef = 821E0D24298FF57E008EC066 /* Preview Assets.xcassets */; };
		821E0D39298FF57E008EC066 /* XCTestReportUITests.swift in Sources */ = {isa = PBXBuildFile; fileRef = 821E0D38298FF57E008EC066 /* XCTestReportUITests.swift */; };
		821E0D48298FF5D1008EC066 /* Extensions.swift in Sources */ = {isa = PBXBuildFile; fileRef = 821E0D47298FF5D1008EC066 /* Extensions.swift */; };
/* End PBXBuildFile section */

/* Begin PBXContainerItemProxy section */
		821E0D35298FF57E008EC066 /* PBXContainerItemProxy */ = {
			isa = PBXContainerItemProxy;
			containerPortal = 821E0D12298FF57D008EC066 /* Project object */;
			proxyType = 1;
			remoteGlobalIDString = 821E0D19298FF57D008EC066;
			remoteInfo = XCTestReport;
		};
/* End PBXContainerItemProxy section */

/* Begin PBXFileReference section */
		821E0D1A298FF57D008EC066 /* XCTestReport.app */ = {isa = PBXFileReference; explicitFileType = wrapper.application; includeInIndex = 0; path = XCTestReport.app; sourceTree = BUILT_PRODUCTS_DIR; };
		821E0D1D298FF57D008EC066 /* XCTestReportApp.swift */ = {isa = PBXFileReference; lastKnownFileType = sourcecode.swift; path = XCTestReportApp.swift; sourceTree = "<group>"; };
		821E0D1F298FF57D008EC066 /* ContentView.swift */ = {isa = PBXFileReference; lastKnownFileType = sourcecode.swift; path = ContentView.swift; sourceTree = "<group>"; };
		821E0D21298FF57E008EC066 /* Assets.xcassets */ = {isa = PBXFileReference; lastKnownFileType = folder.assetcatalog; path = Assets.xcassets; sourceTree = "<group>"; };
		821E0D24298FF57E008EC066 /* Preview Assets.xcassets */ = {isa = PBXFileReference; lastKnownFileType = folder.assetcatalog; path = "Preview Assets.xcassets"; sourceTree = "<group>"; };
		821E0D34298FF57E008EC066 /* XCTestReportUITests.xctest */ = {isa = PBXFileReference; explicitFileType = wrapper.cfbundle; includeInIndex = 0; path = XCTestReportUITests.xctest; sourceTree = BUILT_PRODUCTS_DIR; };
		821E0D38298FF57E008EC066 /* XCTestReportUITests.swift */ = {isa = PBXFileReference; lastKnownFileType = sourcecode.swift; path = XCTestReportUITests.swift; sourceTree = "<group>"; };
		821E0D47298FF5D1008EC066 /* Extensions.swift */ = {isa = PBXFileReference; lastKnownFileType = sourcecode.swift; path = Extensions.swift; sourceTree = "<group>"; };
/* End PBXFileReference section */

/* Begin PBXFrameworksBuildPhase section */
		821E0D17298FF57D008EC066 /* Frameworks */ = {
			isa = PBXFrameworksBuildPhase;
			buildActionMask = 2147483647;
			files = (
			);
			runOnlyForDeploymentPostprocessing = 0;
		};
		821E0D31298FF57E008EC066 /* Frameworks */ = {
			isa = PBXFrameworksBuildPhase;
			buildActionMask = 2147483647;
			files = (
			);
			runOnlyForDeploymentPostprocessing = 0;
		};
/* End PBXFrameworksBuildPhase section */

/* Begin PBXGroup section */
		821E0D11298FF57D008EC066 = {
			isa = PBXGroup;
			children = (
				821E0D1C298FF57D008EC066 /* XCTestReport */,
				821E0D37298FF57E008EC066 /* XCTestReportUITests */,
				821E0D1B298FF57D008EC066 /* Products */,
			);
			sourceTree = "<group>";
		};
		821E0D1B298FF57D008EC066 /* Products */ = {
			isa = PBXGroup;
			children = (
				821E0D1A298FF57D008EC066 /* XCTestReport.app */,
				821E0D34298FF57E008EC066 /* XCTestReportUITests.xctest */,
			);
			name = Products;
			sourceTree = "<group>";
		};
		821E0D1C298FF57D008EC066 /* XCTestReport */ = {
			isa = PBXGroup;
			children = (
				821E0D1D298FF57D008EC066 /* XCTestReportApp.swift */,
				821E0D1F298FF57D008EC066 /* ContentView.swift */,
				821E0D21298FF57E008EC066 /* Assets.xcassets */,
				821E0D23298FF57E008EC066 /* Preview Content */,
				821E0D47298FF5D1008EC066 /* Extensions.swift */,
			);
			path = XCTestReport;
			sourceTree = "<group>";
		};
		821E0D23298FF57E008EC066 /* Preview Content */ = {
			isa = PBXGroup;
			children = (
				821E0D24298FF57E008EC066 /* Preview Assets.xcassets */,
			);
			path = "Preview Content";
			sourceTree = "<group>";
		};
		821E0D37298FF57E008EC066 /* XCTestReportUITests */ = {
			isa = PBXGroup;
			children = (
				821E0D38298FF57E008EC066 /* XCTestReportUITests.swift */,
			);
			path = XCTestReportUITests;
			sourceTree = "<group>";
		};
/* End PBXGroup section */

/* Begin PBXNativeTarget section */
		821E0D19298FF57D008EC066 /* XCTestReport */ = {
			isa = PBXNativeTarget;
			buildConfigurationList = 821E0D3E298FF57E008EC066 /* Build configuration list for PBXNativeTarget "XCTestReport" */;
			buildPhases = (
				821E0D16298FF57D008EC066 /* Sources */,
				821E0D17298FF57D008EC066 /* Frameworks */,
				821E0D18298FF57D008EC066 /* Resources */,
			);
			buildRules = (
			);
			dependencies = (
			);
			name = XCTestReport;
			productName = XCTestReport;
			productReference = 821E0D1A298FF57D008EC066 /* XCTestReport.app */;
			productType = "com.apple.product-type.application";
		};
		821E0D33298FF57E008EC066 /* XCTestReportUITests */ = {
			isa = PBXNativeTarget;
			buildConfigurationList = 821E0D44298FF57E008EC066 /* Build configuration list for PBXNativeTarget "XCTestReportUITests" */;
			buildPhases = (
				821E0D30298FF57E008EC066 /* Sources */,
				821E0D31298FF57E008EC066 /* Frameworks */,
				821E0D32298FF57E008EC066 /* Resources */,
			);
			buildRules = (
			);
			dependencies = (
				821E0D36298FF57E008EC066 /* PBXTargetDependency */,
			);
			name = XCTestReportUITests;
			productName = XCTestReportUITests;
			productReference = 821E0D34298FF57E008EC066 /* XCTestReportUITests.xctest */;
			productType = "com.apple.product-type.bundle.ui-testing";
		};
/* End PBXNativeTarget section */

/* Begin PBXProject section */
		821E0D12298FF57D008EC066 /* Project object */ = {
			isa = PBXProject;
			attributes = {
				BuildIndependentTargetsInParallel = 1;
				LastSwiftUpdateCheck = 1420;
				LastUpgradeCheck = 1420;
				TargetAttributes = {
					821E0D19298FF57D008EC066 = {
						CreatedOnToolsVersion = 14.2;
					};
					821E0D33298FF57E008EC066 = {
						CreatedOnToolsVersion = 14.2;
						TestTargetID = 821E0D19298FF57D008EC066;
					};
				};
			};
			buildConfigurationList = 821E0D15298FF57D008EC066 /* Build configuration list for PBXProject "XCTestReport" */;
			compatibilityVersion = "Xcode 14.0";
			developmentRegion = en;
			hasScannedForEncodings = 0;
			knownRegions = (
				en,
				Base,
			);
			mainGroup = 821E0D11298FF57D008EC066;
			productRefGroup = 821E0D1B298FF57D008EC066 /* Products */;
			projectDirPath = "";
			projectRoot = "";
			targets = (
				821E0D19298FF57D008EC066 /* XCTestReport */,
				821E0D33298FF57E008EC066 /* XCTestReportUITests */,
			);
		};
/* End PBXProject section */

/* Begin PBXResourcesBuildPhase section */
		821E0D18298FF57D008EC066 /* Resources */ = {
			isa = PBXResourcesBuildPhase;
			buildActionMask = 2147483647;
			files = (
				821E0D25298FF57E008EC066 /* Preview Assets.xcassets in Resources */,
				821E0D22298FF57E008EC066 /* Assets.xcassets in Resources */,
			);
			runOnlyForDeploymentPostprocessing = 0;
		};
		821E0D32298FF57E008EC066 /* Resources */ = {
			isa = PBXResourcesBuildPhase;
			buildActionMask = 2147483647;
			files = (
			);
			runOnlyForDeploymentPostprocessing = 0;
		};
/* End PBXResourcesBuildPhase section */

/* Begin PBXSourcesBuildPhase section */
		821E0D16298FF57D008EC066 /* Sources */ = {
			isa = PBXSourcesBuildPhase;
			buildActionMask = 2147483647;
			files = (
				821E0D20298FF57D008EC066 /* ContentView.swift in Sources */,
				821E0D48298FF5D1008EC066 /* Extensions.swift in Sources */,
				821E0D1E298FF57D008EC066 /* XCTestReportApp.swift in Sources */,
			);
			runOnlyForDeploymentPostprocessing = 0;
		};
		821E0D30298FF57E008EC066 /* Sources */ = {
			isa = PBXSourcesBuildPhase;
			buildActionMask = 2147483647;
			files = (
				821E0D39298FF57E008EC066 /* XCTestReportUITests.swift in Sources */,
			);
			runOnlyForDeploymentPostprocessing = 0;
		};
/* End PBXSourcesBuildPhase section */

/* Begin PBXTargetDependency section */
		821E0D36298FF57E008EC066 /* PBXTargetDependency */ = {
			isa = PBXTargetDependency;
			target = 821E0D19298FF57D008EC066 /* XCTestReport */;
			targetProxy = 821E0D35298FF57E008EC066 /* PBXContainerItemProxy */;
		};
/* End PBXTargetDependency section */

/* Begin XCBuildConfiguration section */
		821E0D3C298FF57E008EC066 /* Debug */ = {
			isa = XCBuildConfiguration;
			buildSettings = {
				ALWAYS_SEARCH_USER_PATHS = NO;
				CLANG_ANALYZER_NONNULL = YES;
				CLANG_ANALYZER_NUMBER_OBJECT_CONVERSION = YES_AGGRESSIVE;
				CLANG_CXX_LANGUAGE_STANDARD = "gnu++20";
				CLANG_ENABLE_MODULES = YES;
				CLANG_ENABLE_OBJC_ARC = YES;
				CLANG_ENABLE_OBJC_WEAK = YES;
				CLANG_WARN_BLOCK_CAPTURE_AUTORELEASING = YES;
				CLANG_WARN_BOOL_CONVERSION = YES;
				CLANG_WARN_COMMA = YES;
				CLANG_WARN_CONSTANT_CONVERSION = YES;
				CLANG_WARN_DEPRECATED_OBJC_IMPLEMENTATIONS = YES;
				CLANG_WARN_DIRECT_OBJC_ISA_USAGE = YES_ERROR;
				CLANG_WARN_DOCUMENTATION_COMMENTS = YES;
				CLANG_WARN_EMPTY_BODY = YES;
				CLANG_WARN_ENUM_CONVERSION = YES;
				CLANG_WARN_INFINITE_RECURSION = YES;
				CLANG_WARN_INT_CONVERSION = YES;
				CLANG_WARN_NON_LITERAL_NULL_CONVERSION = YES;
				CLANG_WARN_OBJC_IMPLICIT_RETAIN_SELF = YES;
				CLANG_WARN_OBJC_LITERAL_CONVERSION = YES;
				CLANG_WARN_OBJC_ROOT_CLASS = YES_ERROR;
				CLANG_WARN_QUOTED_INCLUDE_IN_FRAMEWORK_HEADER = YES;
				CLANG_WARN_RANGE_LOOP_ANALYSIS = YES;
				CLANG_WARN_STRICT_PROTOTYPES = YES;
				CLANG_WARN_SUSPICIOUS_MOVE = YES;
				CLANG_WARN_UNGUARDED_AVAILABILITY = YES_AGGRESSIVE;
				CLANG_WARN_UNREACHABLE_CODE = YES;
				CLANG_WARN__DUPLICATE_METHOD_MATCH = YES;
				COPY_PHASE_STRIP = NO;
				DEBUG_INFORMATION_FORMAT = dwarf;
				ENABLE_STRICT_OBJC_MSGSEND = YES;
				ENABLE_TESTABILITY = YES;
				GCC_C_LANGUAGE_STANDARD = gnu11;
				GCC_DYNAMIC_NO_PIC = NO;
				GCC_NO_COMMON_BLOCKS = YES;
				GCC_OPTIMIZATION_LEVEL = 0;
				GCC_PREPROCESSOR_DEFINITIONS = (
					"DEBUG=1",
					"$(inherited)",
				);
				GCC_WARN_64_TO_32_BIT_CONVERSION = YES;
				GCC_WARN_ABOUT_RETURN_TYPE = YES_ERROR;
				GCC_WARN_UNDECLARED_SELECTOR = YES;
				GCC_WARN_UNINITIALIZED_AUTOS = YES_AGGRESSIVE;
				GCC_WARN_UNUSED_FUNCTION = YES;
				GCC_WARN_UNUSED_VARIABLE = YES;
				IPHONEOS_DEPLOYMENT_TARGET = 16.2;
				MTL_ENABLE_DEBUG_INFO = INCLUDE_SOURCE;
				MTL_FAST_MATH = YES;
				ONLY_ACTIVE_ARCH = YES;
				SDKROOT = iphoneos;
				SWIFT_ACTIVE_COMPILATION_CONDITIONS = DEBUG;
				SWIFT_OPTIMIZATION_LEVEL = "-Onone";
			};
			name = Debug;
		};
		821E0D3D298FF57E008EC066 /* Release */ = {
			isa = XCBuildConfiguration;
			buildSettings = {
				ALWAYS_SEARCH_USER_PATHS = NO;
				CLANG_ANALYZER_NONNULL = YES;
				CLANG_ANALYZER_NUMBER_OBJECT_CONVERSION = YES_AGGRESSIVE;
				CLANG_CXX_LANGUAGE_STANDARD = "gnu++20";
				CLANG_ENABLE_MODULES = YES;
				CLANG_ENABLE_OBJC_ARC = YES;
				CLANG_ENABLE_OBJC_WEAK = YES;
				CLANG_WARN_BLOCK_CAPTURE_AUTORELEASING = YES;
				CLANG_WARN_BOOL_CONVERSION = YES;
				CLANG_WARN_COMMA = YES;
				CLANG_WARN_CONSTANT_CONVERSION = YES;
				CLANG_WARN_DEPRECATED_OBJC_IMPLEMENTATIONS = YES;
				CLANG_WARN_DIRECT_OBJC_ISA_USAGE = YES_ERROR;
				CLANG_WARN_DOCUMENTATION_COMMENTS = YES;
				CLANG_WARN_EMPTY_BODY = YES;
				CLANG_WARN_ENUM_CONVERSION = YES;
				CLANG_WARN_INFINITE_RECURSION = YES;
				CLANG_WARN_INT_CONVERSION = YES;
				CLANG_WARN_NON_LITERAL_NULL_CONVERSION = YES;
				CLANG_WARN_OBJC_IMPLICIT_RETAIN_SELF = YES;
				CLANG_WARN_OBJC_LITERAL_CONVERSION = YES;
				CLANG_WARN_OBJC_ROOT_CLASS = YES_ERROR;
				CLANG_WARN_QUOTED_INCLUDE_IN_FRAMEWORK_HEADER = YES;
				CLANG_WARN_RANGE_LOOP_ANALYSIS = YES;
				CLANG_WARN_STRICT_PROTOTYPES = YES;
				CLANG_WARN_SUSPICIOUS_MOVE = YES;
				CLANG_WARN_UNGUARDED_AVAILABILITY = YES_AGGRESSIVE;
				CLANG_WARN_UNREACHABLE_CODE = YES;
				CLANG_WARN__DUPLICATE_METHOD_MATCH = YES;
				COPY_PHASE_STRIP = NO;
				DEBUG_INFORMATION_FORMAT = "dwarf-with-dsym";
				ENABLE_NS_ASSERTIONS = NO;
				ENABLE_STRICT_OBJC_MSGSEND = YES;
				GCC_C_LANGUAGE_STANDARD = gnu11;
				GCC_NO_COMMON_BLOCKS = YES;
				GCC_WARN_64_TO_32_BIT_CONVERSION = YES;
				GCC_WARN_ABOUT_RETURN_TYPE = YES_ERROR;
				GCC_WARN_UNDECLARED_SELECTOR = YES;
				GCC_WARN_UNINITIALIZED_AUTOS = YES_AGGRESSIVE;
				GCC_WARN_UNUSED_FUNCTION = YES;
				GCC_WARN_UNUSED_VARIABLE = YES;
				IPHONEOS_DEPLOYMENT_TARGET = 16.2;
				MTL_ENABLE_DEBUG_INFO = NO;
				MTL_FAST_MATH = YES;
				SDKROOT = iphoneos;
				SWIFT_COMPILATION_MODE = wholemodule;
				SWIFT_OPTIMIZATION_LEVEL = "-O";
				VALIDATE_PRODUCT = YES;
			};
			name = Release;
		};
		821E0D3F298FF57E008EC066 /* Debug */ = {
			isa = XCBuildConfiguration;
			buildSettings = {
				ASSETCATALOG_COMPILER_APPICON_NAME = AppIcon;
				ASSETCATALOG_COMPILER_GLOBAL_ACCENT_COLOR_NAME = AccentColor;
				CODE_SIGN_STYLE = Automatic;
				CURRENT_PROJECT_VERSION = 1;
				DEVELOPMENT_ASSET_PATHS = "\"XCTestReport/Preview Content\"";
				ENABLE_PREVIEWS = YES;
				GENERATE_INFOPLIST_FILE = YES;
				INFOPLIST_KEY_UIApplicationSceneManifest_Generation = YES;
				INFOPLIST_KEY_UIApplicationSupportsIndirectInputEvents = YES;
				INFOPLIST_KEY_UILaunchScreen_Generation = YES;
				INFOPLIST_KEY_UISupportedInterfaceOrientations_iPad = "UIInterfaceOrientationPortrait UIInterfaceOrientationPortraitUpsideDown UIInterfaceOrientationLandscapeLeft UIInterfaceOrientationLandscapeRight";
				INFOPLIST_KEY_UISupportedInterfaceOrientations_iPhone = "UIInterfaceOrientationPortrait UIInterfaceOrientationLandscapeLeft UIInterfaceOrientationLandscapeRight";
				LD_RUNPATH_SEARCH_PATHS = (
					"$(inherited)",
					"@executable_path/Frameworks",
				);
				MARKETING_VERSION = 1.0;
				PRODUCT_BUNDLE_IDENTIFIER = testableapple.XCTestReport;
				PRODUCT_NAME = "$(TARGET_NAME)";
				SWIFT_EMIT_LOC_STRINGS = YES;
				SWIFT_VERSION = 5.0;
				TARGETED_DEVICE_FAMILY = "1,2";
			};
			name = Debug;
		};
		821E0D40298FF57E008EC066 /* Release */ = {
			isa = XCBuildConfiguration;
			buildSettings = {
				ASSETCATALOG_COMPILER_APPICON_NAME = AppIcon;
				ASSETCATALOG_COMPILER_GLOBAL_ACCENT_COLOR_NAME = AccentColor;
				CODE_SIGN_STYLE = Automatic;
				CURRENT_PROJECT_VERSION = 1;
				DEVELOPMENT_ASSET_PATHS = "\"XCTestReport/Preview Content\"";
				ENABLE_PREVIEWS = YES;
				GENERATE_INFOPLIST_FILE = YES;
				INFOPLIST_KEY_UIApplicationSceneManifest_Generation = YES;
				INFOPLIST_KEY_UIApplicationSupportsIndirectInputEvents = YES;
				INFOPLIST_KEY_UILaunchScreen_Generation = YES;
				INFOPLIST_KEY_UISupportedInterfaceOrientations_iPad = "UIInterfaceOrientationPortrait UIInterfaceOrientationPortraitUpsideDown UIInterfaceOrientationLandscapeLeft UIInterfaceOrientationLandscapeRight";
				INFOPLIST_KEY_UISupportedInterfaceOrientations_iPhone = "UIInterfaceOrientationPortrait UIInterfaceOrientationLandscapeLeft UIInterfaceOrientationLandscapeRight";
				LD_RUNPATH_SEARCH_PATHS = (
					"$(inherited)",
					"@executable_path/Frameworks",
				);
				MARKETING_VERSION = 1.0;
				PRODUCT_BUNDLE_IDENTIFIER = testableapple.XCTestReport;
				PRODUCT_NAME = "$(TARGET_NAME)";
				SWIFT_EMIT_LOC_STRINGS = YES;
				SWIFT_VERSION = 5.0;
				TARGETED_DEVICE_FAMILY = "1,2";
			};
			name = Release;
		};
		821E0D45298FF57E008EC066 /* Debug */ = {
			isa = XCBuildConfiguration;
			buildSettings = {
				ALWAYS_EMBED_SWIFT_STANDARD_LIBRARIES = YES;
				CODE_SIGN_STYLE = Automatic;
				CURRENT_PROJECT_VERSION = 1;
				GENERATE_INFOPLIST_FILE = YES;
				MARKETING_VERSION = 1.0;
				PRODUCT_BUNDLE_IDENTIFIER = testableapple.XCTestReportUITests;
				PRODUCT_NAME = "$(TARGET_NAME)";
				SWIFT_EMIT_LOC_STRINGS = NO;
				SWIFT_VERSION = 5.0;
				TARGETED_DEVICE_FAMILY = "1,2";
				TEST_TARGET_NAME = XCTestReport;
			};
			name = Debug;
		};
		821E0D46298FF57E008EC066 /* Release */ = {
			isa = XCBuildConfiguration;
			buildSettings = {
				ALWAYS_EMBED_SWIFT_STANDARD_LIBRARIES = YES;
				CODE_SIGN_STYLE = Automatic;
				CURRENT_PROJECT_VERSION = 1;
				GENERATE_INFOPLIST_FILE = YES;
				MARKETING_VERSION = 1.0;
				PRODUCT_BUNDLE_IDENTIFIER = testableapple.XCTestReportUITests;
				PRODUCT_NAME = "$(TARGET_NAME)";
				SWIFT_EMIT_LOC_STRINGS = NO;
				SWIFT_VERSION = 5.0;
				TARGETED_DEVICE_FAMILY = "1,2";
				TEST_TARGET_NAME = XCTestReport;
			};
			name = Release;
		};
/* End XCBuildConfiguration section */

/* Begin XCConfigurationList section */
		821E0D15298FF57D008EC066 /* Build configuration list for PBXProject "XCTestReport" */ = {
			isa = XCConfigurationList;
			buildConfigurations = (
				821E0D3C298FF57E008EC066 /* Debug */,
				821E0D3D298FF57E008EC066 /* Release */,
			);
			defaultConfigurationIsVisible = 0;
			defaultConfigurationName = Release;
		};
		821E0D3E298FF57E008EC066 /* Build configuration list for PBXNativeTarget "XCTestReport" */ = {
			isa = XCConfigurationList;
			buildConfigurations = (
				821E0D3F298FF57E008EC066 /* Debug */,
				821E0D40298FF57E008EC066 /* Release */,
			);
			defaultConfigurationIsVisible = 0;
			defaultConfigurationName = Release;
		};
		821E0D44298FF57E008EC066 /* Build configuration list for PBXNativeTarget "XCTestReportUITests" */ = {
			isa = XCConfigurationList;
			buildConfigurations = (
				821E0D45298FF57E008EC066 /* Debug */,
				821E0D46298FF57E008EC066 /* Release */,
			);
			defaultConfigurationIsVisible = 0;
			defaultConfigurationName = Release;
		};
/* End XCConfigurationList section */
	};
	rootObject = 821E0D12298FF57D008EC066 /* Project object */;
}
